github.com/Shopify/sarama v0.0.0-20170127151855-574d3147eee3 h1:j6BAEHYn1kUyW2j7kY0mOJ/R8A0qWwXpvUAEHGemm/g=
github.com/Shopify/sarama v0.0.0-20170127151855-574d3147eee3/go.mod h1:FVkBWblsNy7DGZRfXLU0O9RCGt5g3g3yEuWXgklEdEo=
github.com/Shopify/toxiproxy v2.1.4+incompatible h1:TKdv8HiTLgE5wdJuEML90aBgNWsokNbMijUGhmcoBJc=
github.com/Shopify/toxiproxy v2.1.4+incompatible/go.mod h1:OXgGpZ6Cli1/URJOF1DMxUHB2q5Ap20/P/eIdh4G0pI=
github.com/beorn7/perks v0.0.0-20160804104726-4c0e84591b9a h1:BtpsbiV638WQZwhA98cEZw2BsbnQJrbd0BI7tsy0W1c=
github.com/beorn7/perks v0.0.0-20160804104726-4c0e84591b9a/go.mod h1:Dwedo/Wpr24TaqPxmxbtue+5NUziq4I4S80YR8gNf3Q=
github.com/codahale/hdrhistogram v0.0.0-20161010025455-3a0bb77429bd h1:qMd81Ts1T2OTKmB4acZcyKaMtRnY5Y44NuXGX2GFJ1w=
github.com/codahale/hdrhistogram v0.0.0-20161010025455-3a0bb77429bd/go.mod h1:sE/e/2PUdi/liOCUjSTXgM1o87ZssimdTWN964YiIeI=
github.com/davecgh/go-spew v1.1.0 h1:ZDRjVQ15GmhC3fiQ8ni8+OwkZQO4DARzQgrnXU1Liz8=
github.com/davecgh/go-spew v1.1.0/go.mod h1:J7Y8YcW2NihsgmVo/mv3lAwl/skON4iLHjSsI+c5H38=
github.com/davecgh/go-spew v1.1.1 h1:vj9j/u1bqnvCEfJOwUhtlOARqs3+rkHYY13jYWTU97c=
github.com/davecgh/go-spew v1.1.1/go.mod h1:J7Y8YcW2NihsgmVo/mv3lAwl/skON4iLHjSsI+c5H38=
github.com/eapache/go-resiliency v0.0.0-20160104191539-b86b1ec0dd42 h1:f8ERmXYuaC+kCSv2w+y3rBK/oVu6If4DEm3jywJJ0hc=
github.com/eapache/go-resiliency v0.0.0-20160104191539-b86b1ec0dd42/go.mod h1:kFI+JgMyC7bLPUVY133qvEBtVayf5mFgVsvEsIPBvNs=
github.com/eapache/go-xerial-snappy v0.0.0-20160609142408-bb955e01b934 h1:oGLoaVIefp3tiOgi7+KInR/nNPvEpPM6GFo+El7fd14=
github.com/eapache/go-xerial-snappy v0.0.0-20160609142408-bb955e01b934/go.mod h1:+020luEh2TKB4/GOp8oxxtq0Daoen/Cii55CzbTV6DU=
github.com/eapache/queue v1.1.0 h1:YOEu7KNc61ntiQlcEeUIoDTJ2o8mQznoNvUhiigpIqc=
github.com/eapache/queue v1.1.0/go.mod h1:6eCeP0CKFpHLu8blIFXhExK/dRa7WDZfr6jVFPTqq+I=
github.com/frankban/quicktest v1.0.0/go.mod h1:R98jIehRai+d1/3Hv2//jOVCTJhW1VBavT6B6CuGq2k=
github.com/golang/protobuf v0.0.0-20161117033126-8ee79997227b h1:fE/yi9pibxGEc0gSJuEShcsBXE2d5FW3OudsjE9tKzQ=
github.com/golang/protobuf v0.0.0-20161117033126-8ee79997227b/go.mod h1:6lQm79b+lXiMfvg/cZm0SGofjICqVBUtrP5yJMmIC1U=
github.com/golang/snappy v0.0.0-20170119014723-7db9049039a0 h1:FMElzTwkd/2jQ2QzLEzt97JRgvFhYhnYiaQSwZ7tuyU=
github.com/golang/snappy v0.0.0-20170119014723-7db9049039a0/go.mod h1:/XxbfmMg8lxefKM7IXC3fBNl/7bRcc72aCRzEWrmP2Q=
github.com/google/go-cmp v0.2.0/go.mod h1:oXzfMopK8JAjlY9xF4vHSVASa0yLyX7SntLO5aqRK0M=
github.com/gorilla/mux v1.7.3 h1:gnP5JzjVOuiZD07fKKToCAOjS0yOpj/qPETTXCCS6hw=
github.com/gorilla/mux v1.7.3/go.mod h1:1lud6UwP+6orDFRuTfBEV8e9/aOM/c4fVVCaMa2zaAs=
github.com/h2non/parth v0.0.0-20190131123155-b4df798d6542 h1:2VTzZjLZBgl62/EtslCrtky5vbi9dd7HrQPQIx6wqiw=
github.com/h2non/parth v0.0.0-20190131123155-b4df798d6542/go.mod h1:Ow0tF8D4Kplbc8s8sSb3V2oUCygFHVp8gC3Dn6U4MNI=
github.com/klauspost/crc32 v0.0.0-20161016154125-cb6bfca970f6 h1:KAZ1BW2TCmT6PRihDPpocIy1QTtsAsrx6TneU/4+CMg=
github.com/klauspost/crc32 v0.0.0-20161016154125-cb6bfca970f6/go.mod h1:+ZoRqAPRLkC4NPOvfYeR5KNOrY6TD+/sAC3HXPZgDYg=
github.com/konsorten/go-windows-terminal-sequences v1.0.1/go.mod h1:T0+1ngSBFLxvqU3pZ+m/2kptfBszLMUkC4ZK/EgS/cQ=
github.com/konsorten/go-windows-terminal-sequences v1.0.2 h1:DB17ag19krx9CFsz4o3enTrPXyIXCl+2iCXH/aMAp9s=
github.com/konsorten/go-windows-terminal-sequences v1.0.2/go.mod h1:T0+1ngSBFLxvqU3pZ+m/2kptfBszLMUkC4ZK/EgS/cQ=
github.com/kr/pretty v0.1.0/go.mod h1:dAy3ld7l9f0ibDNOQOHHMYYIIbhfbHSm3C4ZsoJORNo=
github.com/kr/pty v1.1.1/go.mod h1:pFQYn66WHrOpPYNljwOMqo10TkYh1fy3cYio2l3bCsQ=
github.com/kr/text v0.1.0/go.mod h1:4Jbv+DJW3UT/LiOwJeYQe1efqtUx/iVham/4vfdArNI=
github.com/lib/pq v0.0.0-20170918175043-23da1db4f16d h1:Hdtccv31GWxWoCzWsIhZXy5NxEktzAkA8lywhTKu8O4=
github.com/lib/pq v0.0.0-20170918175043-23da1db4f16d/go.mod h1:5WUZQaWbwv1U+lTReE5YruASi9Al49XbQIvNi/34Woo=
github.com/matrix-org/dugong v0.0.0-20171220115018-ea0a4690a0d5 h1:nMX2t7hbGF0NYDYySx0pCqEKGKAeZIiSqlWSspetlhY=
github.com/matrix-org/dugong v0.0.0-20171220115018-ea0a4690a0d5/go.mod h1:NgPCr+UavRGH6n5jmdX8DuqFZ4JiCWIJoZiuhTRLSUg=
github.com/matrix-org/gomatrix v0.0.0-20190130130140-385f072fe9af h1:piaIBNQGIHnni27xRB7VKkEwoWCgAmeuYf8pxAyG0bI=
github.com/matrix-org/gomatrix v0.0.0-20190130130140-385f072fe9af/go.mod h1:3fxX6gUjWyI/2Bt7J1OLhpCzOfO/bB3AiX0cJtEKud0=
github.com/matrix-org/gomatrix v0.0.0-20190528120928-7df988a63f26 h1:Hr3zjRsq2bhrnp3Ky1qgx/fzCtCALOoGYylh2tpS9K4=
github.com/matrix-org/gomatrix v0.0.0-20190528120928-7df988a63f26/go.mod h1:3fxX6gUjWyI/2Bt7J1OLhpCzOfO/bB3AiX0cJtEKud0=
github.com/matrix-org/gomatrixserverlib v0.0.0-20190814163046-d6285a18401f h1:20CZL7ApB7xgR7sZF9yD/qpsP51Sfx0TTgUJ3vKgnZQ=
github.com/matrix-org/gomatrixserverlib v0.0.0-20190814163046-d6285a18401f/go.mod h1:sf0RcKOdiwJeTti7A313xsaejNUGYDq02MQZ4JD4w/E=
github.com/matrix-org/naffka v0.0.0-20171115094957-662bfd0841d0 h1:p7WTwG+aXM86+yVrYAiCMW3ZHSmotVvuRbjtt3jC+4A=
github.com/matrix-org/naffka v0.0.0-20171115094957-662bfd0841d0/go.mod h1:cXoYQIENbdWIQHt1SyCo6Bl3C3raHwJ0wgVrXHSqf+A=
github.com/matrix-org/util v0.0.0-20171127121716-2e2df66af2f5 h1:W7l5CP4V7wPyPb4tYE11dbmeAOwtFQBTW0rf4OonOS8=
github.com/matrix-org/util v0.0.0-20171127121716-2e2df66af2f5/go.mod h1:lePuOiXLNDott7NZfnQvJk0lAZ5HgvIuWGhel6J+RLA=
github.com/matttproud/golang_protobuf_extensions v1.0.1 h1:4hp9jkHxhMHkqkrB3Ix0jegS5sx/RkqARlsWZ6pIwiU=
github.com/matttproud/golang_protobuf_extensions v1.0.1/go.mod h1:D8He9yQNgCq6Z5Ld7szi9bcBfOoFv/3dc6xSMkL2PC0=
github.com/miekg/dns v1.1.4 h1:rCMZsU2ScVSYcAsOXgmC6+AKOK+6pmQTOcw03nfwYV0=
github.com/miekg/dns v1.1.4/go.mod h1:W1PPwlIAgtquWBMBEV9nkV9Cazfe8ScdGz/Lj7v3Nrg=
github.com/nbio/st v0.0.0-20140626010706-e9e8d9816f32 h1:W6apQkHrMkS0Muv8G/TipAy/FJl/rCYT0+EuS8+Z0z4=
github.com/nbio/st v0.0.0-20140626010706-e9e8d9816f32/go.mod h1:9wM+0iRr9ahx58uYLpLIr5fm8diHn0JbqRycJi6w0Ms=
github.com/nfnt/resize v0.0.0-20160724205520-891127d8d1b5 h1:BvoENQQU+fZ9uukda/RzCAL/191HHwJA5b13R6diVlY=
github.com/nfnt/resize v0.0.0-20160724205520-891127d8d1b5/go.mod h1:jpp1/29i3P1S/RLdc7JQKbRpFeM1dOBd8T9ki5s+AY8=
github.com/opentracing/opentracing-go v0.0.0-20170806192116-8ebe5d4e236e h1:4cOVGAdR+woaUwhk6bgWI9ESJQDTaJMr8U4OJlT3J0Q=
github.com/opentracing/opentracing-go v0.0.0-20170806192116-8ebe5d4e236e/go.mod h1:UkNAQd3GIcIGf0SeVgPpRdFStlNbqXla1AfSYxPUl2o=
github.com/pierrec/lz4 v0.0.0-20161206202305-5c9560bfa9ac h1:tKcxwAA5OHUQjL6sWsuCIcP9OnzN+RwKfvomtIOsfy8=
github.com/pierrec/lz4 v0.0.0-20161206202305-5c9560bfa9ac/go.mod h1:pdkljMzZIN41W+lC3N2tnIh5sFi+IEE17M5jbnwPHcY=
github.com/pierrec/xxHash v0.0.0-20160112165351-5a004441f897 h1:jp3jc/PyyTrTKjJJ6rWnhTbmo7tGgBFyG9AL5FIrO1I=
github.com/pierrec/xxHash v0.0.0-20160112165351-5a004441f897/go.mod h1:w2waW5Zoa/Wc4Yqe0wgrIYAGKqRMf7czn2HNKXmuL+I=
github.com/pkg/errors v0.0.0-20170505043639-c605e284fe17 h1:chPfVn+gpAM5CTpTyVU9j8J+xgRGwmoDlNDLjKnJiYo=
github.com/pkg/errors v0.0.0-20170505043639-c605e284fe17/go.mod h1:bwawxfHBFNV+L2hUp1rHADufV3IMtnDRdf1r5NINEl0=
github.com/pmezard/go-difflib v1.0.0 h1:4DBwDE0NGyQoBHbLQYPwSUPoCMWR5BEzIk/f1lZbAQM=
github.com/pmezard/go-difflib v1.0.0/go.mod h1:iKH77koFhYxTK1pcRnkKkqfTogsbg7gZNVY4sRDYZ/4=
github.com/prometheus/client_golang v0.0.0-20180519192340-c51dc758d4bb h1:ghXIh3jvLRo/h3y2O7wBgcmH1th5NXQ4XHwK5CgI//I=
github.com/prometheus/client_golang v0.0.0-20180519192340-c51dc758d4bb/go.mod h1:7SWBe2y4D6OKWSNQJUaRYU/AaXPKyh/dDVn+NZz0KFw=
github.com/prometheus/client_model v0.0.0-20150212101744-fa8ad6fec335 h1:0E/5GnGmzoDCtmzTycjGDWW33H0UBmAhR0h+FC8hWLs=
github.com/prometheus/client_model v0.0.0-20150212101744-fa8ad6fec335/go.mod h1:MbSGuTsp3dbXC40dX6PRTWyKYBIrTGTE9sqQNg2J8bo=
github.com/prometheus/common v0.0.0-20170108231212-dd2f054febf4 h1:bZG2YNnM/Fjd3kiqaVt13Apkhzz24wBKlxQ+URiggXk=
github.com/prometheus/common v0.0.0-20170108231212-dd2f054febf4/go.mod h1:daVV7qP5qjZbuso7PdcryaAu0sAZbrN9i7WWcTMWvro=
github.com/prometheus/procfs v0.0.0-20170128160123-1878d9fbb537 h1:Lq69k27tHOmljEqDOHDy3b6kQyEie2yWeAiF0OKFMJ8=
github.com/prometheus/procfs v0.0.0-20170128160123-1878d9fbb537/go.mod h1:c3At6R/oaqEKCNdg8wHV1ftS6bRYblBhIjjI8uT2IGk=
github.com/rcrowley/go-metrics v0.0.0-20161128210544-1f30fe9094a5 h1:gwcdIpH6NU2iF8CmcqD+CP6+1CkRBOhHaPR+iu6raBY=
github.com/rcrowley/go-metrics v0.0.0-20161128210544-1f30fe9094a5/go.mod h1:bCqnVzQkZxMG4s8nGwiZ5l3QUCyqpo9Y+/ZMZ9VjZe4=
github.com/sirupsen/logrus v1.3.0 h1:hI/7Q+DtNZ2kINb6qt/lS+IyXnHQe9e90POfeewL/ME=
github.com/sirupsen/logrus v1.3.0/go.mod h1:LxeOpSwHxABJmUn/MG1IvRgCAasNZTLOkJPxbbu5VWo=
github.com/sirupsen/logrus v1.4.2 h1:SPIRibHv4MatM3XXNO2BJeFLZwZ2LvZgfQ5+UNI2im4=
github.com/sirupsen/logrus v1.4.2/go.mod h1:tLMulIdttU9McNUspp0xgXVQah82FyeX6MwdIuYE2rE=
github.com/stretchr/objx v0.1.0/go.mod h1:HFkY916IF+rwdDfMAkV7OtwuqBVzrE8GR6GFx+wExME=
github.com/stretchr/objx v0.1.1/go.mod h1:HFkY916IF+rwdDfMAkV7OtwuqBVzrE8GR6GFx+wExME=
github.com/stretchr/testify v1.2.2/go.mod h1:a8OnRcib4nhh0OaRAV+Yts87kKdq0PP7pXfy6kDkUVs=
github.com/stretchr/testify v1.3.0 h1:TivCn/peBQ7UY8ooIcPgZFpTNSz0Q2U6UrFlUfqbe0Q=
github.com/stretchr/testify v1.3.0/go.mod h1:M5WIy9Dh21IEIfnGCwXGc5bZfKNJtfHm1UVUgZn+9EI=
github.com/tidwall/gjson v1.1.5 h1:QysILxBeUEY3GTLA0fQVgkQG1zme8NxGvhh2SSqWNwI=
github.com/tidwall/gjson v1.1.5/go.mod h1:c/nTNbUr0E0OrXEhq1pwa8iEgc2DOt4ZZqAt1HtCkPA=
github.com/tidwall/match v1.0.1 h1:PnKP62LPNxHKTwvHHZZzdOAOCtsJTjo6dZLCwpKm5xc=
github.com/tidwall/match v1.0.1/go.mod h1:LujAq0jyVjBy028G1WhWfIzbpQfMO8bBZ6Tyb0+pL9E=
github.com/tidwall/sjson v1.0.3 h1:DeF+0LZqvIt4fKYw41aPB29ZGlvwVkHKktoXJ1YW9Y8=
github.com/tidwall/sjson v1.0.3/go.mod h1:bURseu1nuBkFpIES5cz6zBtjmYeOQmEESshn7VpF15Y=
github.com/uber-go/atomic v1.3.0 h1:ylWoWcs+jXihgo3Us1Sdsatf2R6+OlBGm8fexR3oFG4=
github.com/uber-go/atomic v1.3.0/go.mod h1:/Ct5t2lcmbJ4OSe/waGBoaVvVqtO0bmtfVNex1PFV8g=
github.com/uber/jaeger-client-go v2.15.0+incompatible h1:NP3qsSqNxh8VYr956ur1N/1C1PjvOJnJykCzcD5QHbk=
github.com/uber/jaeger-client-go v2.15.0+incompatible/go.mod h1:WVhlPFC8FDjOFMMWRy2pZqQJSXxYSwNYOkTr/Z6d3Kk=
github.com/uber/jaeger-lib v1.5.0 h1:OHbgr8l656Ub3Fw5k9SWnBfIEwvoHQ+W2y+Aa9D1Uyo=
github.com/uber/jaeger-lib v1.5.0/go.mod h1:ComeNDZlWwrWnDv8aPp0Ba6+uUTzImX/AauajbLI56U=
go.uber.org/atomic v1.3.0 h1:vs7fgriifsPbGdK3bNuMWapNn3qnZhCRXc19NRdq010=
go.uber.org/atomic v1.3.0/go.mod h1:gD2HeocX3+yG+ygLZcrzQJaqmWj9AIm7n08wl/qW/PE=
golang.org/x/crypto v0.0.0-20180723164146-c126467f60eb/go.mod h1:6SG95UA2DQfeDnfUPMdvaQW0Q7yPrPDi9nlGo2tz2b4=
golang.org/x/crypto v0.0.0-20180904163835-0709b304e793/go.mod h1:6SG95UA2DQfeDnfUPMdvaQW0Q7yPrPDi9nlGo2tz2b4=
golang.org/x/crypto v0.0.0-20190131182504-b8fe1690c613 h1:MQ/ZZiDsUapFFiMS+vzwXkCTeEKaum+Do5rINYJDmxc=
golang.org/x/crypto v0.0.0-20190131182504-b8fe1690c613/go.mod h1:6SG95UA2DQfeDnfUPMdvaQW0Q7yPrPDi9nlGo2tz2b4=
golang.org/x/net v0.0.0-20190301231341-16b79f2e4e95 h1:fY7Dsw114eJN4boqzVSbpVHO6rTdhq6/GnXeu+PKnzU=
golang.org/x/net v0.0.0-20190301231341-16b79f2e4e95/go.mod h1:mL1N/T3taQHkDXs73rZJwtUhF3w3ftmwwsq0BUmARs4=
golang.org/x/sync v0.0.0-20190911185100-cd5d95a43a6e h1:vcxGaoTs7kV8m5Np9uUNQin4BrLOthgV7252N8V+FwY=
golang.org/x/sync v0.0.0-20190911185100-cd5d95a43a6e/go.mod h1:RxMgew5VJxzue5/jJTE5uejpjVlOe/izrB70Jof72aM=
golang.org/x/sys v0.0.0-20180905080454-ebe1bf3edb33 h1:I6FyU15t786LL7oL/hn43zqTuEGr4PN7F4XJ1p4E3Y8=
golang.org/x/sys v0.0.0-20180905080454-ebe1bf3edb33/go.mod h1:STP8DvDyc/dI5b8T5hshtkjS+E42TnysNCUPdjciGhY=
golang.org/x/sys v0.0.0-20190422165155-953cdadca894/go.mod h1:h1NjWce9XRLGQEsW7wpKNCjG9DtNlClVuFLEZdDNbEs=
golang.org/x/sys v0.0.0-20190712062909-fae7ac547cb7 h1:LepdCS8Gf/MVejFIt8lsiexZATdoGVyp5bcyS+rYoUI=
golang.org/x/sys v0.0.0-20190712062909-fae7ac547cb7/go.mod h1:h1NjWce9XRLGQEsW7wpKNCjG9DtNlClVuFLEZdDNbEs=
gopkg.in/Shopify/sarama.v1 v1.11.0 h1:/3kaCyeYaPbr59IBjeqhIcUOB1vXlIVqXAYa5g5C5F0=
gopkg.in/Shopify/sarama.v1 v1.11.0/go.mod h1:AxnvoaevB2nBjNK17cG61A3LleFcWFwVBHBt+cot4Oc=
gopkg.in/check.v1 v0.0.0-20161208181325-20d25e280405 h1:yhCVgyC4o1eVCa2tZl7eS0r+SDo693bJlVdllGtEeKM=
gopkg.in/check.v1 v0.0.0-20161208181325-20d25e280405/go.mod h1:Co6ibVJAznAaIkqp8huTwlJQCZ016jof/cbN4VW5Yz0=
gopkg.in/h2non/bimg.v1 v1.0.18 h1:qn6/RpBHt+7WQqoBcK+aF2puc6nC78eZj5LexxoalT4=
gopkg.in/h2non/bimg.v1 v1.0.18/go.mod h1:PgsZL7dLwUbsGm1NYps320GxGgvQNTnecMCZqxV11So=
gopkg.in/h2non/gock.v1 v1.0.14 h1:fTeu9fcUvSnLNacYvYI54h+1/XEteDyHvrVCZEEEYNM=
gopkg.in/h2non/gock.v1 v1.0.14/go.mod h1:sX4zAkdYX1TRGJ2JY156cFspQn4yRWn6p9EMdODlynE=
gopkg.in/macaroon.v2 v2.1.0/go.mod h1:OUb+TQP/OP0WOerC2Jp/3CwhIKyIa9kQjuc7H24e6/o=
gopkg.in/yaml.v2 v2.2.2 h1:ZCJp+EgiOT7lHqUV2J862kp8Qj64Jo6az82+3Td9dZw=
gopkg.in/yaml.v2 v2.2.2/go.mod h1:hI93XBmqTisBFMUTm0b8Fm+jr3Dg1NNxqwp+5A1VGuI=
