{
  "name": "wasm",
  "lockfileVersion": 2,
  "requires": true,
  "packages": {
    "": {
      "dependencies": {
        "isomorphic-ws": "^4.0.1",
        "sql.js": "github:neilalexander/sql.js#252a72bf57b0538cbd49bbd6f70af71e516966ae",
        "ws": "^7.5.2"
      }
    },
    "node_modules/isomorphic-ws": {
      "version": "4.0.1",
      "resolved": "https://registry.npmjs.org/isomorphic-ws/-/isomorphic-ws-4.0.1.tgz",
      "integrity": "sha512-BhBvN2MBpWTaSHdWRb/bwdZJ1WaehQ2L1KngkCkfLUGF0mAWAT1sQUQacEmQ0jXkFw/czDXPNQSL5u2/Krsz1w==",
      "peerDependencies": {
        "ws": "*"
      }
    },
    "node_modules/sql.js": {
      "version": "1.5.0",
      "resolved": "git+ssh://git@github.com/neilalexander/sql.js.git#252a72bf57b0538cbd49bbd6f70af71e516966ae",
      "integrity": "sha512-EFYI/yMoQ1U08nZxQOZ7+4S0nOpKF45EVoWGef8L1kvSCMP3B3xSzwZeOmoF2tBVpbMssAgHEz43cf0ZulRDSQ==",
      "license": "MIT"
    },
    "node_modules/ws": {
      "version": "7.5.2",
      "resolved": "https://registry.npmjs.org/ws/-/ws-7.5.2.tgz",
      "integrity": "sha512-lkF7AWRicoB9mAgjeKbGqVUekLnSNO4VjKVnuPHpQeOxZOErX6BPXwJk70nFslRCEEA8EVW7ZjKwXaP9N+1sKQ==",
      "engines": {
        "node": ">=8.3.0"
      },
      "peerDependencies": {
        "bufferutil": "^4.0.1",
        "utf-8-validate": "^5.0.2"
      },
      "peerDependenciesMeta": {
        "bufferutil": {
          "optional": true
        },
        "utf-8-validate": {
          "optional": true
        }
      }
    }
  },
  "dependencies": {
    "isomorphic-ws": {
      "version": "4.0.1",
      "resolved": "https://registry.npmjs.org/isomorphic-ws/-/isomorphic-ws-4.0.1.tgz",
      "integrity": "sha512-BhBvN2MBpWTaSHdWRb/bwdZJ1WaehQ2L1KngkCkfLUGF0mAWAT1sQUQacEmQ0jXkFw/czDXPNQSL5u2/Krsz1w==",
      "requires": {}
    },
    "sql.js": {
      "version": "git+ssh://git@github.com/neilalexander/sql.js.git#252a72bf57b0538cbd49bbd6f70af71e516966ae",
      "integrity": "sha512-EFYI/yMoQ1U08nZxQOZ7+4S0nOpKF45EVoWGef8L1kvSCMP3B3xSzwZeOmoF2tBVpbMssAgHEz43cf0ZulRDSQ==",
      "from": "sql.js@github:neilalexander/sql.js#252a72bf57b0538cbd49bbd6f70af71e516966ae"
    },
    "ws": {
      "version": "7.5.2",
      "resolved": "https://registry.npmjs.org/ws/-/ws-7.5.2.tgz",
      "integrity": "sha512-lkF7AWRicoB9mAgjeKbGqVUekLnSNO4VjKVnuPHpQeOxZOErX6BPXwJk70nFslRCEEA8EVW7ZjKwXaP9N+1sKQ==",
      "requires": {}
    }
  }
}
