{
  "name": "wasm",
  "lockfileVersion": 2,
  "requires": true,
  "packages": {
    "": {
      "dependencies": {
        "sql.js": "github:neilalexander/sql.js#252a72bf57b0538cbd49bbd6f70af71e516966ae"
      }
    },
    "node_modules/sql.js": {
      "version": "1.5.0",
      "resolved": "git+ssh://git@github.com/neilalexander/sql.js.git#252a72bf57b0538cbd49bbd6f70af71e516966ae",
      "integrity": "sha512-EFYI/yMoQ1U08nZxQOZ7+4S0nOpKF45EVoWGef8L1kvSCMP3B3xSzwZeOmoF2tBVpbMssAgHEz43cf0ZulRDSQ==",
      "license": "MIT"
    }
  },
  "dependencies": {
    "sql.js": {
      "version": "git+ssh://git@github.com/neilalexander/sql.js.git#252a72bf57b0538cbd49bbd6f70af71e516966ae",
      "integrity": "sha512-EFYI/yMoQ1U08nZxQOZ7+4S0nOpKF45EVoWGef8L1kvSCMP3B3xSzwZeOmoF2tBVpbMssAgHEz43cf0ZulRDSQ==",
      "from": "sql.js@github:neilalexander/sql.js#252a72bf57b0538cbd49bbd6f70af71e516966ae"
    }
  }
}
